<?xml version="1.0" encoding="utf-8"?>
<Project ToolsVersion="4.0" xmlns="http://schemas.microsoft.com/developer/msbuild/2003">
  <ItemGroup>
    <Filter Include="源文件">
      <UniqueIdentifier>{4FC737F1-C7A5-4376-A066-2A32D752A2FF}</UniqueIdentifier>
      <Extensions>cpp;c;cc;cxx;def;odl;idl;hpj;bat;asm;asmx</Extensions>
    </Filter>
    <Filter Include="头文件">
      <UniqueIdentifier>{93995380-89BD-4b04-88EB-625FBE52EBFB}</UniqueIdentifier>
      <Extensions>h;hh;hpp;hxx;hm;inl;inc;xsd</Extensions>
    </Filter>
    <Filter Include="Util">
      <UniqueIdentifier>{58a310ff-78d4-4374-bd4c-debd9239abd4}</UniqueIdentifier>
    </Filter>
    <Filter Include="App">
      <UniqueIdentifier>{0b226f25-ff10-4738-b39e-3ac77bcf656c}</UniqueIdentifier>
    </Filter>
    <Filter Include="XMLParser">
      <UniqueIdentifier>{dc4b22b3-d5da-487a-9823-2881efa9a9ee}</UniqueIdentifier>
    </Filter>
    <Filter Include="Math">
      <UniqueIdentifier>{16c91991-80b7-446a-8200-19f1dee25a71}</UniqueIdentifier>
    </Filter>
    <Filter Include="Shader">
      <UniqueIdentifier>{d6e2a190-dad3-40a6-8874-655a5f0937f0}</UniqueIdentifier>
    </Filter>
    <Filter Include="XML">
      <UniqueIdentifier>{8a85d72d-cf3b-476b-80c2-dc5c293d5d4d}</UniqueIdentifier>
    </Filter>
    <Filter Include="Font">
      <UniqueIdentifier>{d310b736-7eea-4e61-9221-afac2bada79b}</UniqueIdentifier>
    </Filter>
  </ItemGroup>
  <ItemGroup>
    <ClCompile Include="Object.cpp">
      <Filter>源文件</Filter>
    </ClCompile>
    <ClCompile Include="ModelObject.cpp">
      <Filter>源文件</Filter>
    </ClCompile>
    <ClCompile Include="d3dUtil.cpp">
      <Filter>Util</Filter>
    </ClCompile>
    <ClCompile Include="GameTimer.cpp">
      <Filter>Util</Filter>
    </ClCompile>
    <ClCompile Include="Material.cpp">
      <Filter>源文件</Filter>
    </ClCompile>
    <ClCompile Include="Camera.cpp">
      <Filter>源文件</Filter>
    </ClCompile>
    <ClCompile Include="MainApp.cpp">
      <Filter>App</Filter>
    </ClCompile>
    <ClCompile Include="d3dApp.cpp">
      <Filter>App</Filter>
    </ClCompile>
    <ClCompile Include="main.cpp" />
    <ClCompile Include="Light.cpp">
      <Filter>源文件</Filter>
    </ClCompile>
    <ClCompile Include="MathHelper.cpp">
      <Filter>Util</Filter>
    </ClCompile>
    <ClCompile Include="TextureShader.cpp">
      <Filter>源文件</Filter>
    </ClCompile>
    <ClCompile Include="Math\OgreMath.cpp">
      <Filter>Math</Filter>
    </ClCompile>
    <ClCompile Include="Math\OgreMatrix3.cpp">
      <Filter>Math</Filter>
    </ClCompile>
    <ClCompile Include="Math\OgreMatrix4.cpp">
      <Filter>Math</Filter>
    </ClCompile>
    <ClCompile Include="Math\OgreVector2.cpp">
      <Filter>Math</Filter>
    </ClCompile>
    <ClCompile Include="Math\OgreVector3.cpp">
      <Filter>Math</Filter>
    </ClCompile>
    <ClCompile Include="Math\OgreVector4.cpp">
      <Filter>Math</Filter>
    </ClCompile>
    <ClCompile Include="Math\OgreQuaternion.cpp">
      <Filter>Math</Filter>
    </ClCompile>
    <ClCompile Include="ShaderManager.cpp">
      <Filter>源文件</Filter>
    </ClCompile>
    <ClCompile Include="DDSTextureLoader.cpp">
      <Filter>Util</Filter>
    </ClCompile>
    <ClCompile Include="ModelManager.cpp">
      <Filter>源文件</Filter>
    </ClCompile>
    <ClCompile Include="InputManager.cpp">
      <Filter>源文件</Filter>
    </ClCompile>
    <ClCompile Include="Bitmap.cpp">
      <Filter>源文件</Filter>
    </ClCompile>
    <ClCompile Include="BitmapManager.cpp">
      <Filter>源文件</Filter>
    </ClCompile>
    <ClCompile Include="XMLParserHelper.cpp">
      <Filter>XMLParser</Filter>
    </ClCompile>
    <ClCompile Include="Font.cpp">
      <Filter>Font</Filter>
    </ClCompile>
    <ClCompile Include="FontManager.cpp">
      <Filter>Font</Filter>
    </ClCompile>
    <ClCompile Include="Math\OgrePlane.cpp">
      <Filter>Math</Filter>
    </ClCompile>
    <ClCompile Include="Math\OgreFrustum.cpp">
      <Filter>Math</Filter>
    </ClCompile>
  </ItemGroup>
  <ItemGroup>
    <ClInclude Include="Object.h">
      <Filter>头文件</Filter>
    </ClInclude>
    <ClInclude Include="ModelObject.h">
      <Filter>头文件</Filter>
    </ClInclude>
    <ClInclude Include="d3dUtil.h">
      <Filter>Util</Filter>
    </ClInclude>
    <ClInclude Include="GameTimer.h">
      <Filter>Util</Filter>
    </ClInclude>
    <ClInclude Include="Material.h">
      <Filter>头文件</Filter>
    </ClInclude>
    <ClInclude Include="Camera.h">
      <Filter>头文件</Filter>
    </ClInclude>
    <ClInclude Include="MainApp.h">
      <Filter>App</Filter>
    </ClInclude>
    <ClInclude Include="d3dApp.h">
      <Filter>App</Filter>
    </ClInclude>
    <ClInclude Include="Light.h">
      <Filter>头文件</Filter>
    </ClInclude>
    <ClInclude Include="MathHelper.h">
      <Filter>Util</Filter>
    </ClInclude>
    <ClInclude Include="TextureShader.h">
      <Filter>头文件</Filter>
    </ClInclude>
    <ClInclude Include="XMLParser\rapidxml.hpp">
      <Filter>XMLParser</Filter>
    </ClInclude>
    <ClInclude Include="Math\OgreMath.h">
      <Filter>Math</Filter>
    </ClInclude>
    <ClInclude Include="Math\OgreMatrix3.h">
      <Filter>Math</Filter>
    </ClInclude>
    <ClInclude Include="Math\OgreMatrix4.h">
      <Filter>Math</Filter>
    </ClInclude>
    <ClInclude Include="Math\OgreVector2.h">
      <Filter>Math</Filter>
    </ClInclude>
    <ClInclude Include="Math\OgreVector3.h">
      <Filter>Math</Filter>
    </ClInclude>
    <ClInclude Include="Math\OgreVector4.h">
      <Filter>Math</Filter>
    </ClInclude>
    <ClInclude Include="Math\OgreQuaternion.h">
      <Filter>Math</Filter>
    </ClInclude>
    <ClInclude Include="Math\OgrePrerequisites.h">
      <Filter>Math</Filter>
    </ClInclude>
    <ClInclude Include="MathHeader.h">
      <Filter>Math</Filter>
    </ClInclude>
    <ClInclude Include="ShaderManager.h">
      <Filter>头文件</Filter>
    </ClInclude>
    <ClInclude Include="DDSTextureLoader.h">
      <Filter>Util</Filter>
    </ClInclude>
    <ClInclude Include="ModelManager.h">
      <Filter>头文件</Filter>
    </ClInclude>
    <ClInclude Include="XMLParser\rapidxml_iterators.hpp">
      <Filter>XMLParser</Filter>
    </ClInclude>
    <ClInclude Include="XMLParser\rapidxml_print.hpp">
      <Filter>XMLParser</Filter>
    </ClInclude>
    <ClInclude Include="XMLParser\rapidxml_utils.hpp">
      <Filter>XMLParser</Filter>
    </ClInclude>
    <ClInclude Include="InputManager.h">
      <Filter>头文件</Filter>
    </ClInclude>
    <ClInclude Include="Bitmap.h">
      <Filter>头文件</Filter>
    </ClInclude>
    <ClInclude Include="BitmapManager.h">
      <Filter>头文件</Filter>
    </ClInclude>
    <ClInclude Include="XMLParserHelper.h">
      <Filter>XMLParser</Filter>
    </ClInclude>
    <ClInclude Include="Font.h">
      <Filter>Font</Filter>
    </ClInclude>
    <ClInclude Include="FontManager.h">
      <Filter>Font</Filter>
    </ClInclude>
    <ClInclude Include="Math\OgrePlane.h">
      <Filter>Math</Filter>
    </ClInclude>
    <ClInclude Include="Math\OgreFrustum.h">
      <Filter>Math</Filter>
    </ClInclude>
  </ItemGroup>
  <ItemGroup>
    <Xml Include="model.xml">
      <Filter>XML</Filter>
    </Xml>
    <Xml Include="shader.xml">
      <Filter>XML</Filter>
    </Xml>
  </ItemGroup>
  <ItemGroup>
    <None Include="Shader\bitmap.ps">
      <Filter>Shader</Filter>
    </None>
    <None Include="Shader\bitmap.vs">
      <Filter>Shader</Filter>
    </None>
    <None Include="Shader\lightmap.ps">
      <Filter>Shader</Filter>
    </None>
    <None Include="Shader\lightmap.vs">
      <Filter>Shader</Filter>
    </None>
    <None Include="Shader\multi_tex.ps">
      <Filter>Shader</Filter>
    </None>
    <None Include="Shader\multi_tex.vs">
      <Filter>Shader</Filter>
    </None>
    <None Include="Shader\texture.ps">
      <Filter>Shader</Filter>
    </None>
    <None Include="Shader\texture.vs">
      <Filter>Shader</Filter>
    </None>
    <None Include="Shader\alphamapping.vs">
      <Filter>Shader</Filter>
    </None>
    <None Include="Shader\alphamapping.ps">
      <Filter>Shader</Filter>
    </None>
    <None Include="Shader\bumpmapping.ps">
      <Filter>Shader</Filter>
    </None>
    <None Include="Shader\bumpmapping.vs">
      <Filter>Shader</Filter>
    </None>
    <None Include="Shader\specularmapping.ps">
      <Filter>Shader</Filter>
    </None>
    <None Include="Shader\specularmapping.vs">
      <Filter>Shader</Filter>
    </None>
  </ItemGroup>
</Project>